
Microsoft Visual Studio Solution File, Format Version 12.00
# Visual Studio Version 16
VisualStudioVersion = 16.0.32630.194
MinimumVisualStudioVersion = 10.0.40219.1
Project("{FAE04EC0-301F-11D3-BF4B-00C04F79EFBC}") = "BookingAPIAlten.MVC", "BookingAPIAlten.MVC\BookingAPIAlten.MVC.csproj", "{0061CFE5-939F-4767-ADA2-4E802E1845BF}"
EndProject
Project("{FAE04EC0-301F-11D3-BF4B-00C04F79EFBC}") = "BookingAPIAlten.Application", "BookingAPIAlten.Application\BookingAPIAlten.Application.csproj", "{37078711-31DC-4A09-A8A9-7B4C8B50DB03}"
EndProject
Project("{FAE04EC0-301F-11D3-BF4B-00C04F79EFBC}") = "BookingAPIAlten.Domain", "BookingAPIAlten.Domain\BookingAPIAlten.Domain.csproj", "{22F05C78-1AA4-4EEC-BAF0-E3736D33B687}"
EndProject
Project("{FAE04EC0-301F-11D3-BF4B-00C04F79EFBC}") = "BookingAPIAlten.Core", "BookingAPIAlten.Core\BookingAPIAlten.Core.csproj", "{DCA45069-CCF3-43BA-969A-B2C62067CB85}"
EndProject
Project("{FAE04EC0-301F-11D3-BF4B-00C04F79EFBC}") = "BookingAPIAlten.Data", "BookingAPIAlten.Data\BookingAPIAlten.Data.csproj", "{F8E7956B-20C9-4E3D-B9DA-455ABB6E9F6F}"
EndProject
Global
	GlobalSection(SolutionConfigurationPlatforms) = preSolution
		Debug|Any CPU = Debug|Any CPU
		Release|Any CPU = Release|Any CPU
	EndGlobalSection
	GlobalSection(ProjectConfigurationPlatforms) = postSolution
		{0061CFE5-939F-4767-ADA2-4E802E1845BF}.Debug|Any CPU.ActiveCfg = Debug|Any CPU
		{0061CFE5-939F-4767-ADA2-4E802E1845BF}.Debug|Any CPU.Build.0 = Debug|Any CPU
		{0061CFE5-939F-4767-ADA2-4E802E1845BF}.Release|Any CPU.ActiveCfg = Release|Any CPU
		{0061CFE5-939F-4767-ADA2-4E802E1845BF}.Release|Any CPU.Build.0 = Release|Any CPU
		{37078711-31DC-4A09-A8A9-7B4C8B50DB03}.Debug|Any CPU.ActiveCfg = Debug|Any CPU
		{37078711-31DC-4A09-A8A9-7B4C8B50DB03}.Debug|Any CPU.Build.0 = Debug|Any CPU
		{37078711-31DC-4A09-A8A9-7B4C8B50DB03}.Release|Any CPU.ActiveCfg = Release|Any CPU
		{37078711-31DC-4A09-A8A9-7B4C8B50DB03}.Release|Any CPU.Build.0 = Release|Any CPU
		{22F05C78-1AA4-4EEC-BAF0-E3736D33B687}.Debug|Any CPU.ActiveCfg = Debug|Any CPU
		{22F05C78-1AA4-4EEC-BAF0-E3736D33B687}.Debug|Any CPU.Build.0 = Debug|Any CPU
		{22F05C78-1AA4-4EEC-BAF0-E3736D33B687}.Release|Any CPU.ActiveCfg = Release|Any CPU
		{22F05C78-1AA4-4EEC-BAF0-E3736D33B687}.Release|Any CPU.Build.0 = Release|Any CPU
		{DCA45069-CCF3-43BA-969A-B2C62067CB85}.Debug|Any CPU.ActiveCfg = Debug|Any CPU
		{DCA45069-CCF3-43BA-969A-B2C62067CB85}.Debug|Any CPU.Build.0 = Debug|Any CPU
		{DCA45069-CCF3-43BA-969A-B2C62067CB85}.Release|Any CPU.ActiveCfg = Release|Any CPU
		{DCA45069-CCF3-43BA-969A-B2C62067CB85}.Release|Any CPU.Build.0 = Release|Any CPU
		{F8E7956B-20C9-4E3D-B9DA-455ABB6E9F6F}.Debug|Any CPU.ActiveCfg = Debug|Any CPU
		{F8E7956B-20C9-4E3D-B9DA-455ABB6E9F6F}.Debug|Any CPU.Build.0 = Debug|Any CPU
		{F8E7956B-20C9-4E3D-B9DA-455ABB6E9F6F}.Release|Any CPU.ActiveCfg = Release|Any CPU
		{F8E7956B-20C9-4E3D-B9DA-455ABB6E9F6F}.Release|Any CPU.Build.0 = Release|Any CPU
	EndGlobalSection
	GlobalSection(SolutionProperties) = preSolution
		HideSolutionNode = FALSE
	EndGlobalSection
	GlobalSection(ExtensibilityGlobals) = postSolution
		SolutionGuid = {70238870-D53B-4882-B524-08659524D474}
	EndGlobalSection
EndGlobal
