
Microsoft Visual Studio Solution File, Format Version 12.00
# Visual Studio Version 16
VisualStudioVersion = 16.0.32630.194
MinimumVisualStudioVersion = 10.0.40219.1
Project("{FAE04EC0-301F-11D3-BF4B-00C04F79EFBC}") = "BookingAPIAlten_WebApi", "BookingAPIAlten_WebApi\BookingAPIAlten_WebApi.csproj", "{2809A109-3E81-4545-A546-AF534F5F4D29}"
EndProject
Project("{2150E333-8FDC-42A3-9474-1A3956D46DE8}") = "src", "src", "{338B2599-DCF8-4A86-97FD-1E24A9DD772B}"
EndProject
Project("{FAE04EC0-301F-11D3-BF4B-00C04F79EFBC}") = "BookingAPIAlten_Core", "BookingAPIAlten_Core\BookingAPIAlten_Core.csproj", "{D7CE3688-8B1A-49AC-B5D4-05CF6A7A63DD}"
EndProject
Global
	GlobalSection(SolutionConfigurationPlatforms) = preSolution
		Debug|Any CPU = Debug|Any CPU
		Release|Any CPU = Release|Any CPU
	EndGlobalSection
	GlobalSection(ProjectConfigurationPlatforms) = postSolution
		{2809A109-3E81-4545-A546-AF534F5F4D29}.Debug|Any CPU.ActiveCfg = Debug|Any CPU
		{2809A109-3E81-4545-A546-AF534F5F4D29}.Debug|Any CPU.Build.0 = Debug|Any CPU
		{2809A109-3E81-4545-A546-AF534F5F4D29}.Release|Any CPU.ActiveCfg = Release|Any CPU
		{2809A109-3E81-4545-A546-AF534F5F4D29}.Release|Any CPU.Build.0 = Release|Any CPU
		{D7CE3688-8B1A-49AC-B5D4-05CF6A7A63DD}.Debug|Any CPU.ActiveCfg = Debug|Any CPU
		{D7CE3688-8B1A-49AC-B5D4-05CF6A7A63DD}.Debug|Any CPU.Build.0 = Debug|Any CPU
		{D7CE3688-8B1A-49AC-B5D4-05CF6A7A63DD}.Release|Any CPU.ActiveCfg = Release|Any CPU
		{D7CE3688-8B1A-49AC-B5D4-05CF6A7A63DD}.Release|Any CPU.Build.0 = Release|Any CPU
	EndGlobalSection
	GlobalSection(SolutionProperties) = preSolution
		HideSolutionNode = FALSE
	EndGlobalSection
	GlobalSection(NestedProjects) = preSolution
		{2809A109-3E81-4545-A546-AF534F5F4D29} = {338B2599-DCF8-4A86-97FD-1E24A9DD772B}
		{D7CE3688-8B1A-49AC-B5D4-05CF6A7A63DD} = {338B2599-DCF8-4A86-97FD-1E24A9DD772B}
	EndGlobalSection
	GlobalSection(ExtensibilityGlobals) = postSolution
		SolutionGuid = {960FD61B-DBA1-4AEB-9171-E355B75A54D5}
	EndGlobalSection
EndGlobal
